{
  "originHash" : "d93046b3aa1c94e882c7792f1a12329dd20ead681008d466214d98c3eb42d4c9",
  "pins" : [
    {
      "identity" : "kingfisher",
      "kind" : "remoteSourceControl",
      "location" : "https://github.com/onevcat/Kingfisher.git",
      "state" : {
        "revision" : "410984bf301f4fa224fe56277b3f8672cc465c79",
        "version" : "8.11.0"
      }
    },
    {
      "identity" : "lottie-ios",
      "kind" : "remoteSourceControl",
      "location" : "https://github.com/airbnb/lottie-ios.git",
      "state" : {
        "revision" : "f4db77d7feacba0c2360b84a40c38a6ce8ff399d",
        "version" : "4.6.1"
      }
    },
    {
      "identity" : "swift-package-manager-google-mobile-ads",
      "kind" : "remoteSourceControl",
      "location" : "https://github.com/googleads/swift-package-manager-google-mobile-ads",
      "state" : {
        "revision" : "7778cc1ab037c10dbbe026959e51e616bd961be9",
        "version" : "11.13.0"
      }
    },
    {
      "identity" : "swift-package-manager-google-user-messaging-platform",
      "kind" : "remoteSourceControl",
      "location" : "https://github.com/googleads/swift-package-manager-google-user-messaging-platform.git",
      "state" : {
        "revision" : "708a282840c2171ee63bd93b87afa49fe507d70e",
        "version" : "2.7.0"
      }
    }
  ],
  "version" : 3
}
